<?xml version="1.0" encoding="UTF-8"?>
<!DOCTYPE plist PUBLIC "-//Apple//DTD PLIST 1.0//EN" "http://www.apple.com/DTDs/PropertyList-1.0.dtd">
<plist version="1.0">
<dict>
	<key>archiveVersion</key>
	<string>1</string>
	<key>classes</key>
	<dict/>
	<key>objectVersion</key>
	<string>46</string>
	<key>objects</key>
	<dict>
		<key>01630DAB9F8F7B0AF4D67116</key>
		<dict>
			<key>explicitFileType</key>
			<string>archive.ar</string>
			<key>includeInIndex</key>
			<string>0</string>
			<key>isa</key>
			<string>PBXFileReference</string>
			<key>path</key>
			<string>libPods-&#19978;&#19979;&#25289;&#21047;&#26032;.a</string>
			<key>sourceTree</key>
			<string>BUILT_PRODUCTS_DIR</string>
		</dict>
		<key>56235AE19671493F8837C42D</key>
		<dict>
			<key>children</key>
			<array>
				<string>936D373452765350AB877A39</string>
				<string>6EC864F415DC334E29AB5EB3</string>
			</array>
			<key>isa</key>
			<string>PBXGroup</string>
			<key>name</key>
			<string>Pods</string>
			<key>sourceTree</key>
			<string>&lt;group&gt;</string>
		</dict>
		<key>5BE1D4DF92D29497E28E41C4</key>
		<dict>
			<key>buildActionMask</key>
			<string>2147483647</string>
			<key>files</key>
			<array/>
			<key>inputPaths</key>
			<array/>
			<key>isa</key>
			<string>PBXShellScriptBuildPhase</string>
			<key>name</key>
			<string>&#128230; Embed Pods Frameworks</string>
			<key>outputPaths</key>
			<array/>
			<key>runOnlyForDeploymentPostprocessing</key>
			<string>0</string>
			<key>shellPath</key>
			<string>/bin/sh</string>
			<key>shellScript</key>
			<string>"${SRCROOT}/Pods/Target Support Files/Pods-&#19978;&#19979;&#25289;&#21047;&#26032;/Pods-&#19978;&#19979;&#25289;&#21047;&#26032;-frameworks.sh"
</string>
			<key>showEnvVarsInLog</key>
			<string>0</string>
		</dict>
		<key>5E36D017607E9A2331BC25D5</key>
		<dict>
			<key>buildActionMask</key>
			<string>2147483647</string>
			<key>files</key>
			<array/>
			<key>inputPaths</key>
			<array/>
			<key>isa</key>
			<string>PBXShellScriptBuildPhase</string>
			<key>name</key>
			<string>&#128230; Check Pods Manifest.lock</string>
			<key>outputPaths</key>
			<array/>
			<key>runOnlyForDeploymentPostprocessing</key>
			<string>0</string>
			<key>shellPath</key>
			<string>/bin/sh</string>
			<key>shellScript</key>
			<string>diff "${PODS_ROOT}/../Podfile.lock" "${PODS_ROOT}/Manifest.lock" &gt; /dev/null
if [[ $? != 0 ]] ; then
    cat &lt;&lt; EOM
error: The sandbox is not in sync with the Podfile.lock. Run 'pod install' or update your CocoaPods installation.
EOM
    exit 1
fi
</string>
			<key>showEnvVarsInLog</key>
			<string>0</string>
		</dict>
		<key>6EC864F415DC334E29AB5EB3</key>
		<dict>
			<key>includeInIndex</key>
			<string>1</string>
			<key>isa</key>
			<string>PBXFileReference</string>
			<key>lastKnownFileType</key>
			<string>text.xcconfig</string>
			<key>name</key>
			<string>Pods-&#19978;&#19979;&#25289;&#21047;&#26032;.release.xcconfig</string>
			<key>path</key>
			<string>Pods/Target Support Files/Pods-&#19978;&#19979;&#25289;&#21047;&#26032;/Pods-&#19978;&#19979;&#25289;&#21047;&#26032;.release.xcconfig</string>
			<key>sourceTree</key>
			<string>&lt;group&gt;</string>
		</dict>
		<key>8BB99D0EB75DE167E93F5AB6</key>
		<dict>
			<key>buildActionMask</key>
			<string>2147483647</string>
			<key>files</key>
			<array/>
			<key>inputPaths</key>
			<array/>
			<key>isa</key>
			<string>PBXShellScriptBuildPhase</string>
			<key>name</key>
			<string>&#128230; Copy Pods Resources</string>
			<key>outputPaths</key>
			<array/>
			<key>runOnlyForDeploymentPostprocessing</key>
			<string>0</string>
			<key>shellPath</key>
			<string>/bin/sh</string>
			<key>shellScript</key>
			<string>"${SRCROOT}/Pods/Target Support Files/Pods-&#19978;&#19979;&#25289;&#21047;&#26032;/Pods-&#19978;&#19979;&#25289;&#21047;&#26032;-resources.sh"
</string>
			<key>showEnvVarsInLog</key>
			<string>0</string>
		</dict>
		<key>936D373452765350AB877A39</key>
		<dict>
			<key>includeInIndex</key>
			<string>1</string>
			<key>isa</key>
			<string>PBXFileReference</string>
			<key>lastKnownFileType</key>
			<string>text.xcconfig</string>
			<key>name</key>
			<string>Pods-&#19978;&#19979;&#25289;&#21047;&#26032;.debug.xcconfig</string>
			<key>path</key>
			<string>Pods/Target Support Files/Pods-&#19978;&#19979;&#25289;&#21047;&#26032;/Pods-&#19978;&#19979;&#25289;&#21047;&#26032;.debug.xcconfig</string>
			<key>sourceTree</key>
			<string>&lt;group&gt;</string>
		</dict>
		<key>DF06056AA45B4456D48BBD97</key>
		<dict>
			<key>children</key>
			<array>
				<string>01630DAB9F8F7B0AF4D67116</string>
			</array>
			<key>isa</key>
			<string>PBXGroup</string>
			<key>name</key>
			<string>Frameworks</string>
			<key>sourceTree</key>
			<string>&lt;group&gt;</string>
		</dict>
		<key>EFBF75601D2D1EC400D9FDF2</key>
		<dict>
			<key>children</key>
			<array>
				<string>EFBF756B1D2D1EC400D9FDF2</string>
				<string>EFBF75851D2D1EC400D9FDF2</string>
				<string>EFBF75901D2D1EC400D9FDF2</string>
				<string>EFBF756A1D2D1EC400D9FDF2</string>
				<string>56235AE19671493F8837C42D</string>
				<string>DF06056AA45B4456D48BBD97</string>
			</array>
			<key>isa</key>
			<string>PBXGroup</string>
			<key>sourceTree</key>
			<string>&lt;group&gt;</string>
		</dict>
		<key>EFBF75611D2D1EC400D9FDF2</key>
		<dict>
			<key>attributes</key>
			<dict>
				<key>LastUpgradeCheck</key>
				<string>0730</string>
				<key>ORGANIZATIONNAME</key>
				<string>strong</string>
				<key>TargetAttributes</key>
				<dict>
					<key>EFBF75681D2D1EC400D9FDF2</key>
					<dict>
						<key>CreatedOnToolsVersion</key>
						<string>7.3.1</string>
					</dict>
					<key>EFBF75811D2D1EC400D9FDF2</key>
					<dict>
						<key>CreatedOnToolsVersion</key>
						<string>7.3.1</string>
						<key>TestTargetID</key>
						<string>EFBF75681D2D1EC400D9FDF2</string>
					</dict>
					<key>EFBF758C1D2D1EC400D9FDF2</key>
					<dict>
						<key>CreatedOnToolsVersion</key>
						<string>7.3.1</string>
						<key>TestTargetID</key>
						<string>EFBF75681D2D1EC400D9FDF2</string>
					</dict>
				</dict>
			</dict>
			<key>buildConfigurationList</key>
			<string>EFBF75641D2D1EC400D9FDF2</string>
			<key>compatibilityVersion</key>
			<string>Xcode 3.2</string>
			<key>developmentRegion</key>
			<string>English</string>
			<key>hasScannedForEncodings</key>
			<string>0</string>
			<key>isa</key>
			<string>PBXProject</string>
			<key>knownRegions</key>
			<array>
				<string>en</string>
				<string>Base</string>
			</array>
			<key>mainGroup</key>
			<string>EFBF75601D2D1EC400D9FDF2</string>
			<key>productRefGroup</key>
			<string>EFBF756A1D2D1EC400D9FDF2</string>
			<key>projectDirPath</key>
			<string></string>
			<key>projectReferences</key>
			<array/>
			<key>projectRoot</key>
			<string></string>
			<key>targets</key>
			<array>
				<string>EFBF75681D2D1EC400D9FDF2</string>
				<string>EFBF75811D2D1EC400D9FDF2</string>
				<string>EFBF758C1D2D1EC400D9FDF2</string>
			</array>
		</dict>
		<key>EFBF75641D2D1EC400D9FDF2</key>
		<dict>
			<key>buildConfigurations</key>
			<array>
				<string>EFBF75941D2D1EC400D9FDF2</string>
				<string>EFBF75951D2D1EC400D9FDF2</string>
			</array>
			<key>defaultConfigurationIsVisible</key>
			<string>0</string>
			<key>defaultConfigurationName</key>
			<string>Release</string>
			<key>isa</key>
			<string>XCConfigurationList</string>
		</dict>
		<key>EFBF75651D2D1EC400D9FDF2</key>
		<dict>
			<key>buildActionMask</key>
			<string>2147483647</string>
			<key>files</key>
			<array>
				<string>EFBF75A41D2D1EED00D9FDF2</string>
				<string>EFBF75741D2D1EC400D9FDF2</string>
				<string>EFBF75711D2D1EC400D9FDF2</string>
				<string>EFBF75A31D2D1EED00D9FDF2</string>
				<string>EFBF756E1D2D1EC400D9FDF2</string>
			</array>
			<key>isa</key>
			<string>PBXSourcesBuildPhase</string>
			<key>runOnlyForDeploymentPostprocessing</key>
			<string>0</string>
		</dict>
		<key>EFBF75661D2D1EC400D9FDF2</key>
		<dict>
			<key>buildActionMask</key>
			<string>2147483647</string>
			<key>files</key>
			<array>
				<string>F0A528036084D927EC0FBA17</string>
			</array>
			<key>isa</key>
			<string>PBXFrameworksBuildPhase</string>
			<key>runOnlyForDeploymentPostprocessing</key>
			<string>0</string>
		</dict>
		<key>EFBF75671D2D1EC400D9FDF2</key>
		<dict>
			<key>buildActionMask</key>
			<string>2147483647</string>
			<key>files</key>
			<array>
				<string>EFBF757C1D2D1EC400D9FDF2</string>
				<string>EFBF75791D2D1EC400D9FDF2</string>
				<string>EFBF75771D2D1EC400D9FDF2</string>
			</array>
			<key>isa</key>
			<string>PBXResourcesBuildPhase</string>
			<key>runOnlyForDeploymentPostprocessing</key>
			<string>0</string>
		</dict>
		<key>EFBF75681D2D1EC400D9FDF2</key>
		<dict>
			<key>buildConfigurationList</key>
			<string>EFBF75961D2D1EC400D9FDF2</string>
			<key>buildPhases</key>
			<array>
				<string>5E36D017607E9A2331BC25D5</string>
				<string>EFBF75651D2D1EC400D9FDF2</string>
				<string>EFBF75661D2D1EC400D9FDF2</string>
				<string>EFBF75671D2D1EC400D9FDF2</string>
				<string>5BE1D4DF92D29497E28E41C4</string>
				<string>8BB99D0EB75DE167E93F5AB6</string>
			</array>
			<key>buildRules</key>
			<array/>
			<key>dependencies</key>
			<array/>
			<key>isa</key>
			<string>PBXNativeTarget</string>
			<key>name</key>
			<string>&#19978;&#19979;&#25289;&#21047;&#26032;</string>
			<key>productName</key>
			<string>&#19978;&#19979;&#25289;&#21047;&#26032;</string>
			<key>productReference</key>
			<string>EFBF75691D2D1EC400D9FDF2</string>
			<key>productType</key>
			<string>com.apple.product-type.application</string>
		</dict>
		<key>EFBF75691D2D1EC400D9FDF2</key>
		<dict>
			<key>explicitFileType</key>
			<string>wrapper.application</string>
			<key>includeInIndex</key>
			<string>0</string>
			<key>isa</key>
			<string>PBXFileReference</string>
			<key>path</key>
			<string>&#19978;&#19979;&#25289;&#21047;&#26032;.app</string>
			<key>sourceTree</key>
			<string>BUILT_PRODUCTS_DIR</string>
		</dict>
		<key>EFBF756A1D2D1EC400D9FDF2</key>
		<dict>
			<key>children</key>
			<array>
				<string>EFBF75691D2D1EC400D9FDF2</string>
				<string>EFBF75821D2D1EC400D9FDF2</string>
				<string>EFBF758D1D2D1EC400D9FDF2</string>
			</array>
			<key>isa</key>
			<string>PBXGroup</string>
			<key>name</key>
			<string>Products</string>
			<key>sourceTree</key>
			<string>&lt;group&gt;</string>
		</dict>
		<key>EFBF756B1D2D1EC400D9FDF2</key>
		<dict>
			<key>children</key>
			<array>
				<string>EFBF756F1D2D1EC400D9FDF2</string>
				<string>EFBF75701D2D1EC400D9FDF2</string>
				<string>EFBF75721D2D1EC400D9FDF2</string>
				<string>EFBF75731D2D1EC400D9FDF2</string>
				<string>EFBF75751D2D1EC400D9FDF2</string>
				<string>EFBF759F1D2D1EED00D9FDF2</string>
				<string>EFBF75A01D2D1EED00D9FDF2</string>
				<string>EFBF75A11D2D1EED00D9FDF2</string>
				<string>EFBF75A21D2D1EED00D9FDF2</string>
				<string>EFBF75781D2D1EC400D9FDF2</string>
				<string>EFBF757A1D2D1EC400D9FDF2</string>
				<string>EFBF757D1D2D1EC400D9FDF2</string>
				<string>EFBF756C1D2D1EC400D9FDF2</string>
			</array>
			<key>isa</key>
			<string>PBXGroup</string>
			<key>path</key>
			<string>&#19978;&#19979;&#25289;&#21047;&#26032;</string>
			<key>sourceTree</key>
			<string>&lt;group&gt;</string>
		</dict>
		<key>EFBF756C1D2D1EC400D9FDF2</key>
		<dict>
			<key>children</key>
			<array>
				<string>EFBF756D1D2D1EC400D9FDF2</string>
			</array>
			<key>isa</key>
			<string>PBXGroup</string>
			<key>name</key>
			<string>Supporting Files</string>
			<key>sourceTree</key>
			<string>&lt;group&gt;</string>
		</dict>
		<key>EFBF756D1D2D1EC400D9FDF2</key>
		<dict>
			<key>isa</key>
			<string>PBXFileReference</string>
			<key>lastKnownFileType</key>
			<string>sourcecode.c.objc</string>
			<key>path</key>
			<string>main.m</string>
			<key>sourceTree</key>
			<string>&lt;group&gt;</string>
		</dict>
		<key>EFBF756E1D2D1EC400D9FDF2</key>
		<dict>
			<key>fileRef</key>
			<string>EFBF756D1D2D1EC400D9FDF2</string>
			<key>isa</key>
			<string>PBXBuildFile</string>
		</dict>
		<key>EFBF756F1D2D1EC400D9FDF2</key>
		<dict>
			<key>isa</key>
			<string>PBXFileReference</string>
			<key>lastKnownFileType</key>
			<string>sourcecode.c.h</string>
			<key>path</key>
			<string>AppDelegate.h</string>
			<key>sourceTree</key>
			<string>&lt;group&gt;</string>
		</dict>
		<key>EFBF75701D2D1EC400D9FDF2</key>
		<dict>
			<key>isa</key>
			<string>PBXFileReference</string>
			<key>lastKnownFileType</key>
			<string>sourcecode.c.objc</string>
			<key>path</key>
			<string>AppDelegate.m</string>
			<key>sourceTree</key>
			<string>&lt;group&gt;</string>
		</dict>
		<key>EFBF75711D2D1EC400D9FDF2</key>
		<dict>
			<key>fileRef</key>
			<string>EFBF75701D2D1EC400D9FDF2</string>
			<key>isa</key>
			<string>PBXBuildFile</string>
		</dict>
		<key>EFBF75721D2D1EC400D9FDF2</key>
		<dict>
			<key>isa</key>
			<string>PBXFileReference</string>
			<key>lastKnownFileType</key>
			<string>sourcecode.c.h</string>
			<key>path</key>
			<string>ViewController.h</string>
			<key>sourceTree</key>
			<string>&lt;group&gt;</string>
		</dict>
		<key>EFBF75731D2D1EC400D9FDF2</key>
		<dict>
			<key>isa</key>
			<string>PBXFileReference</string>
			<key>lastKnownFileType</key>
			<string>sourcecode.c.objc</string>
			<key>path</key>
			<string>ViewController.m</string>
			<key>sourceTree</key>
			<string>&lt;group&gt;</string>
		</dict>
		<key>EFBF75741D2D1EC400D9FDF2</key>
		<dict>
			<key>fileRef</key>
			<string>EFBF75731D2D1EC400D9FDF2</string>
			<key>isa</key>
			<string>PBXBuildFile</string>
		</dict>
		<key>EFBF75751D2D1EC400D9FDF2</key>
		<dict>
			<key>children</key>
			<array>
				<string>EFBF75761D2D1EC400D9FDF2</string>
			</array>
			<key>isa</key>
			<string>PBXVariantGroup</string>
			<key>name</key>
			<string>Main.storyboard</string>
			<key>sourceTree</key>
			<string>&lt;group&gt;</string>
		</dict>
		<key>EFBF75761D2D1EC400D9FDF2</key>
		<dict>
			<key>isa</key>
			<string>PBXFileReference</string>
			<key>lastKnownFileType</key>
			<string>file.storyboard</string>
			<key>name</key>
			<string>Base</string>
			<key>path</key>
			<string>Base.lproj/Main.storyboard</string>
			<key>sourceTree</key>
			<string>&lt;group&gt;</string>
		</dict>
		<key>EFBF75771D2D1EC400D9FDF2</key>
		<dict>
			<key>fileRef</key>
			<string>EFBF75751D2D1EC400D9FDF2</string>
			<key>isa</key>
			<string>PBXBuildFile</string>
		</dict>
		<key>EFBF75781D2D1EC400D9FDF2</key>
		<dict>
			<key>isa</key>
			<string>PBXFileReference</string>
			<key>lastKnownFileType</key>
			<string>folder.assetcatalog</string>
			<key>path</key>
			<string>Assets.xcassets</string>
			<key>sourceTree</key>
			<string>&lt;group&gt;</string>
		</dict>
		<key>EFBF75791D2D1EC400D9FDF2</key>
		<dict>
			<key>fileRef</key>
			<string>EFBF75781D2D1EC400D9FDF2</string>
			<key>isa</key>
			<string>PBXBuildFile</string>
		</dict>
		<key>EFBF757A1D2D1EC400D9FDF2</key>
		<dict>
			<key>children</key>
			<array>
				<string>EFBF757B1D2D1EC400D9FDF2</string>
			</array>
			<key>isa</key>
			<string>PBXVariantGroup</string>
			<key>name</key>
			<string>LaunchScreen.storyboard</string>
			<key>sourceTree</key>
			<string>&lt;group&gt;</string>
		</dict>
		<key>EFBF757B1D2D1EC400D9FDF2</key>
		<dict>
			<key>isa</key>
			<string>PBXFileReference</string>
			<key>lastKnownFileType</key>
			<string>file.storyboard</string>
			<key>name</key>
			<string>Base</string>
			<key>path</key>
			<string>Base.lproj/LaunchScreen.storyboard</string>
			<key>sourceTree</key>
			<string>&lt;group&gt;</string>
		</dict>
		<key>EFBF757C1D2D1EC400D9FDF2</key>
		<dict>
			<key>fileRef</key>
			<string>EFBF757A1D2D1EC400D9FDF2</string>
			<key>isa</key>
			<string>PBXBuildFile</string>
		</dict>
		<key>EFBF757D1D2D1EC400D9FDF2</key>
		<dict>
			<key>isa</key>
			<string>PBXFileReference</string>
			<key>lastKnownFileType</key>
			<string>text.plist.xml</string>
			<key>path</key>
			<string>Info.plist</string>
			<key>sourceTree</key>
			<string>&lt;group&gt;</string>
		</dict>
		<key>EFBF757E1D2D1EC400D9FDF2</key>
		<dict>
			<key>buildActionMask</key>
			<string>2147483647</string>
			<key>files</key>
			<array>
				<string>EFBF75871D2D1EC400D9FDF2</string>
			</array>
			<key>isa</key>
			<string>PBXSourcesBuildPhase</string>
			<key>runOnlyForDeploymentPostprocessing</key>
			<string>0</string>
		</dict>
		<key>EFBF757F1D2D1EC400D9FDF2</key>
		<dict>
			<key>buildActionMask</key>
			<string>2147483647</string>
			<key>files</key>
			<array/>
			<key>isa</key>
			<string>PBXFrameworksBuildPhase</string>
			<key>runOnlyForDeploymentPostprocessing</key>
			<string>0</string>
		</dict>
		<key>EFBF75801D2D1EC400D9FDF2</key>
		<dict>
			<key>buildActionMask</key>
			<string>2147483647</string>
			<key>files</key>
			<array/>
			<key>isa</key>
			<string>PBXResourcesBuildPhase</string>
			<key>runOnlyForDeploymentPostprocessing</key>
			<string>0</string>
		</dict>
		<key>EFBF75811D2D1EC400D9FDF2</key>
		<dict>
			<key>buildConfigurationList</key>
			<string>EFBF75991D2D1EC400D9FDF2</string>
			<key>buildPhases</key>
			<array>
				<string>EFBF757E1D2D1EC400D9FDF2</string>
				<string>EFBF757F1D2D1EC400D9FDF2</string>
				<string>EFBF75801D2D1EC400D9FDF2</string>
			</array>
			<key>buildRules</key>
			<array/>
			<key>dependencies</key>
			<array>
				<string>EFBF75841D2D1EC400D9FDF2</string>
			</array>
			<key>isa</key>
			<string>PBXNativeTarget</string>
			<key>name</key>
			<string>&#19978;&#19979;&#25289;&#21047;&#26032;Tests</string>
			<key>productName</key>
			<string>&#19978;&#19979;&#25289;&#21047;&#26032;Tests</string>
			<key>productReference</key>
			<string>EFBF75821D2D1EC400D9FDF2</string>
			<key>productType</key>
			<string>com.apple.product-type.bundle.unit-test</string>
		</dict>
		<key>EFBF75821D2D1EC400D9FDF2</key>
		<dict>
			<key>explicitFileType</key>
			<string>wrapper.cfbundle</string>
			<key>includeInIndex</key>
			<string>0</string>
			<key>isa</key>
			<string>PBXFileReference</string>
			<key>path</key>
			<string>&#19978;&#19979;&#25289;&#21047;&#26032;Tests.xctest</string>
			<key>sourceTree</key>
			<string>BUILT_PRODUCTS_DIR</string>
		</dict>
		<key>EFBF75831D2D1EC400D9FDF2</key>
		<dict>
			<key>containerPortal</key>
			<string>EFBF75611D2D1EC400D9FDF2</string>
			<key>isa</key>
			<string>PBXContainerItemProxy</string>
			<key>proxyType</key>
			<string>1</string>
			<key>remoteGlobalIDString</key>
			<string>EFBF75681D2D1EC400D9FDF2</string>
			<key>remoteInfo</key>
			<string>&#19978;&#19979;&#25289;&#21047;&#26032;</string>
		</dict>
		<key>EFBF75841D2D1EC400D9FDF2</key>
		<dict>
			<key>isa</key>
			<string>PBXTargetDependency</string>
			<key>target</key>
			<string>EFBF75681D2D1EC400D9FDF2</string>
			<key>targetProxy</key>
			<string>EFBF75831D2D1EC400D9FDF2</string>
		</dict>
		<key>EFBF75851D2D1EC400D9FDF2</key>
		<dict>
			<key>children</key>
			<array>
				<string>EFBF75861D2D1EC400D9FDF2</string>
				<string>EFBF75881D2D1EC400D9FDF2</string>
			</array>
			<key>isa</key>
			<string>PBXGroup</string>
			<key>path</key>
			<string>&#19978;&#19979;&#25289;&#21047;&#26032;Tests</string>
			<key>sourceTree</key>
			<string>&lt;group&gt;</string>
		</dict>
		<key>EFBF75861D2D1EC400D9FDF2</key>
		<dict>
			<key>isa</key>
			<string>PBXFileReference</string>
			<key>lastKnownFileType</key>
			<string>sourcecode.c.objc</string>
			<key>path</key>
			<string>_____Tests.m</string>
			<key>sourceTree</key>
			<string>&lt;group&gt;</string>
		</dict>
		<key>EFBF75871D2D1EC400D9FDF2</key>
		<dict>
			<key>fileRef</key>
			<string>EFBF75861D2D1EC400D9FDF2</string>
			<key>isa</key>
			<string>PBXBuildFile</string>
		</dict>
		<key>EFBF75881D2D1EC400D9FDF2</key>
		<dict>
			<key>isa</key>
			<string>PBXFileReference</string>
			<key>lastKnownFileType</key>
			<string>text.plist.xml</string>
			<key>path</key>
			<string>Info.plist</string>
			<key>sourceTree</key>
			<string>&lt;group&gt;</string>
		</dict>
		<key>EFBF75891D2D1EC400D9FDF2</key>
		<dict>
			<key>buildActionMask</key>
			<string>2147483647</string>
			<key>files</key>
			<array>
				<string>EFBF75921D2D1EC400D9FDF2</string>
			</array>
			<key>isa</key>
			<string>PBXSourcesBuildPhase</string>
			<key>runOnlyForDeploymentPostprocessing</key>
			<string>0</string>
		</dict>
		<key>EFBF758A1D2D1EC400D9FDF2</key>
		<dict>
			<key>buildActionMask</key>
			<string>2147483647</string>
			<key>files</key>
			<array/>
			<key>isa</key>
			<string>PBXFrameworksBuildPhase</string>
			<key>runOnlyForDeploymentPostprocessing</key>
			<string>0</string>
		</dict>
		<key>EFBF758B1D2D1EC400D9FDF2</key>
		<dict>
			<key>buildActionMask</key>
			<string>2147483647</string>
			<key>files</key>
			<array/>
			<key>isa</key>
			<string>PBXResourcesBuildPhase</string>
			<key>runOnlyForDeploymentPostprocessing</key>
			<string>0</string>
		</dict>
		<key>EFBF758C1D2D1EC400D9FDF2</key>
		<dict>
			<key>buildConfigurationList</key>
			<string>EFBF759C1D2D1EC400D9FDF2</string>
			<key>buildPhases</key>
			<array>
				<string>EFBF75891D2D1EC400D9FDF2</string>
				<string>EFBF758A1D2D1EC400D9FDF2</string>
				<string>EFBF758B1D2D1EC400D9FDF2</string>
			</array>
			<key>buildRules</key>
			<array/>
			<key>dependencies</key>
			<array>
				<string>EFBF758F1D2D1EC400D9FDF2</string>
			</array>
			<key>isa</key>
			<string>PBXNativeTarget</string>
			<key>name</key>
			<string>&#19978;&#19979;&#25289;&#21047;&#26032;UITests</string>
			<key>productName</key>
			<string>&#19978;&#19979;&#25289;&#21047;&#26032;UITests</string>
			<key>productReference</key>
			<string>EFBF758D1D2D1EC400D9FDF2</string>
			<key>productType</key>
			<string>com.apple.product-type.bundle.ui-testing</string>
		</dict>
		<key>EFBF758D1D2D1EC400D9FDF2</key>
		<dict>
			<key>explicitFileType</key>
			<string>wrapper.cfbundle</string>
			<key>includeInIndex</key>
			<string>0</string>
			<key>isa</key>
			<string>PBXFileReference</string>
			<key>path</key>
			<string>&#19978;&#19979;&#25289;&#21047;&#26032;UITests.xctest</string>
			<key>sourceTree</key>
			<string>BUILT_PRODUCTS_DIR</string>
		</dict>
		<key>EFBF758E1D2D1EC400D9FDF2</key>
		<dict>
			<key>containerPortal</key>
			<string>EFBF75611D2D1EC400D9FDF2</string>
			<key>isa</key>
			<string>PBXContainerItemProxy</string>
			<key>proxyType</key>
			<string>1</string>
			<key>remoteGlobalIDString</key>
			<string>EFBF75681D2D1EC400D9FDF2</string>
			<key>remoteInfo</key>
			<string>&#19978;&#19979;&#25289;&#21047;&#26032;</string>
		</dict>
		<key>EFBF758F1D2D1EC400D9FDF2</key>
		<dict>
			<key>isa</key>
			<string>PBXTargetDependency</string>
			<key>target</key>
			<string>EFBF75681D2D1EC400D9FDF2</string>
			<key>targetProxy</key>
			<string>EFBF758E1D2D1EC400D9FDF2</string>
		</dict>
		<key>EFBF75901D2D1EC400D9FDF2</key>
		<dict>
			<key>children</key>
			<array>
				<string>EFBF75911D2D1EC400D9FDF2</string>
				<string>EFBF75931D2D1EC400D9FDF2</string>
			</array>
			<key>isa</key>
			<string>PBXGroup</string>
			<key>path</key>
			<string>&#19978;&#19979;&#25289;&#21047;&#26032;UITests</string>
			<key>sourceTree</key>
			<string>&lt;group&gt;</string>
		</dict>
		<key>EFBF75911D2D1EC400D9FDF2</key>
		<dict>
			<key>isa</key>
			<string>PBXFileReference</string>
			<key>lastKnownFileType</key>
			<string>sourcecode.c.objc</string>
			<key>path</key>
			<string>_____UITests.m</string>
			<key>sourceTree</key>
			<string>&lt;group&gt;</string>
		</dict>
		<key>EFBF75921D2D1EC400D9FDF2</key>
		<dict>
			<key>fileRef</key>
			<string>EFBF75911D2D1EC400D9FDF2</string>
			<key>isa</key>
			<string>PBXBuildFile</string>
		</dict>
		<key>EFBF75931D2D1EC400D9FDF2</key>
		<dict>
			<key>isa</key>
			<string>PBXFileReference</string>
			<key>lastKnownFileType</key>
			<string>text.plist.xml</string>
			<key>path</key>
			<string>Info.plist</string>
			<key>sourceTree</key>
			<string>&lt;group&gt;</string>
		</dict>
		<key>EFBF75941D2D1EC400D9FDF2</key>
		<dict>
			<key>buildSettings</key>
			<dict>
				<key>ALWAYS_SEARCH_USER_PATHS</key>
				<string>NO</string>
				<key>CLANG_ANALYZER_NONNULL</key>
				<string>YES</string>
				<key>CLANG_CXX_LANGUAGE_STANDARD</key>
				<string>gnu++0x</string>
				<key>CLANG_CXX_LIBRARY</key>
				<string>libc++</string>
				<key>CLANG_ENABLE_MODULES</key>
				<string>YES</string>
				<key>CLANG_ENABLE_OBJC_ARC</key>
				<string>YES</string>
				<key>CLANG_WARN_BOOL_CONVERSION</key>
				<string>YES</string>
				<key>CLANG_WARN_CONSTANT_CONVERSION</key>
				<string>YES</string>
				<key>CLANG_WARN_DIRECT_OBJC_ISA_USAGE</key>
				<string>YES_ERROR</string>
				<key>CLANG_WARN_EMPTY_BODY</key>
				<string>YES</string>
				<key>CLANG_WARN_ENUM_CONVERSION</key>
				<string>YES</string>
				<key>CLANG_WARN_INT_CONVERSION</key>
				<string>YES</string>
				<key>CLANG_WARN_OBJC_ROOT_CLASS</key>
				<string>YES_ERROR</string>
				<key>CLANG_WARN_UNREACHABLE_CODE</key>
				<string>YES</string>
				<key>CLANG_WARN__DUPLICATE_METHOD_MATCH</key>
				<string>YES</string>
				<key>CODE_SIGN_IDENTITY[sdk=iphoneos*]</key>
				<string>iPhone Developer</string>
				<key>COPY_PHASE_STRIP</key>
				<string>NO</string>
				<key>DEBUG_INFORMATION_FORMAT</key>
				<string>dwarf</string>
				<key>ENABLE_STRICT_OBJC_MSGSEND</key>
				<string>YES</string>
				<key>ENABLE_TESTABILITY</key>
				<string>YES</string>
				<key>GCC_C_LANGUAGE_STANDARD</key>
				<string>gnu99</string>
				<key>GCC_DYNAMIC_NO_PIC</key>
				<string>NO</string>
				<key>GCC_NO_COMMON_BLOCKS</key>
				<string>YES</string>
				<key>GCC_OPTIMIZATION_LEVEL</key>
				<string>0</string>
				<key>GCC_PREPROCESSOR_DEFINITIONS</key>
				<array>
					<string>DEBUG=1</string>
					<string>$(inherited)</string>
				</array>
				<key>GCC_WARN_64_TO_32_BIT_CONVERSION</key>
				<string>YES</string>
				<key>GCC_WARN_ABOUT_RETURN_TYPE</key>
				<string>YES_ERROR</string>
				<key>GCC_WARN_UNDECLARED_SELECTOR</key>
				<string>YES</string>
				<key>GCC_WARN_UNINITIALIZED_AUTOS</key>
				<string>YES_AGGRESSIVE</string>
				<key>GCC_WARN_UNUSED_FUNCTION</key>
				<string>YES</string>
				<key>GCC_WARN_UNUSED_VARIABLE</key>
				<string>YES</string>
				<key>IPHONEOS_DEPLOYMENT_TARGET</key>
				<string>9.3</string>
				<key>MTL_ENABLE_DEBUG_INFO</key>
				<string>YES</string>
				<key>ONLY_ACTIVE_ARCH</key>
				<string>YES</string>
				<key>SDKROOT</key>
				<string>iphoneos</string>
			</dict>
			<key>isa</key>
			<string>XCBuildConfiguration</string>
			<key>name</key>
			<string>Debug</string>
		</dict>
		<key>EFBF75951D2D1EC400D9FDF2</key>
		<dict>
			<key>buildSettings</key>
			<dict>
				<key>ALWAYS_SEARCH_USER_PATHS</key>
				<string>NO</string>
				<key>CLANG_ANALYZER_NONNULL</key>
				<string>YES</string>
				<key>CLANG_CXX_LANGUAGE_STANDARD</key>
				<string>gnu++0x</string>
				<key>CLANG_CXX_LIBRARY</key>
				<string>libc++</string>
				<key>CLANG_ENABLE_MODULES</key>
				<string>YES</string>
				<key>CLANG_ENABLE_OBJC_ARC</key>
				<string>YES</string>
				<key>CLANG_WARN_BOOL_CONVERSION</key>
				<string>YES</string>
				<key>CLANG_WARN_CONSTANT_CONVERSION</key>
				<string>YES</string>
				<key>CLANG_WARN_DIRECT_OBJC_ISA_USAGE</key>
				<string>YES_ERROR</string>
				<key>CLANG_WARN_EMPTY_BODY</key>
				<string>YES</string>
				<key>CLANG_WARN_ENUM_CONVERSION</key>
				<string>YES</string>
				<key>CLANG_WARN_INT_CONVERSION</key>
				<string>YES</string>
				<key>CLANG_WARN_OBJC_ROOT_CLASS</key>
				<string>YES_ERROR</string>
				<key>CLANG_WARN_UNREACHABLE_CODE</key>
				<string>YES</string>
				<key>CLANG_WARN__DUPLICATE_METHOD_MATCH</key>
				<string>YES</string>
				<key>CODE_SIGN_IDENTITY[sdk=iphoneos*]</key>
				<string>iPhone Developer</string>
				<key>COPY_PHASE_STRIP</key>
				<string>NO</string>
				<key>DEBUG_INFORMATION_FORMAT</key>
				<string>dwarf-with-dsym</string>
				<key>ENABLE_NS_ASSERTIONS</key>
				<string>NO</string>
				<key>ENABLE_STRICT_OBJC_MSGSEND</key>
				<string>YES</string>
				<key>GCC_C_LANGUAGE_STANDARD</key>
				<string>gnu99</string>
				<key>GCC_NO_COMMON_BLOCKS</key>
				<string>YES</string>
				<key>GCC_WARN_64_TO_32_BIT_CONVERSION</key>
				<string>YES</string>
				<key>GCC_WARN_ABOUT_RETURN_TYPE</key>
				<string>YES_ERROR</string>
				<key>GCC_WARN_UNDECLARED_SELECTOR</key>
				<string>YES</string>
				<key>GCC_WARN_UNINITIALIZED_AUTOS</key>
				<string>YES_AGGRESSIVE</string>
				<key>GCC_WARN_UNUSED_FUNCTION</key>
				<string>YES</string>
				<key>GCC_WARN_UNUSED_VARIABLE</key>
				<string>YES</string>
				<key>IPHONEOS_DEPLOYMENT_TARGET</key>
				<string>9.3</string>
				<key>MTL_ENABLE_DEBUG_INFO</key>
				<string>NO</string>
				<key>SDKROOT</key>
				<string>iphoneos</string>
				<key>VALIDATE_PRODUCT</key>
				<string>YES</string>
			</dict>
			<key>isa</key>
			<string>XCBuildConfiguration</string>
			<key>name</key>
			<string>Release</string>
		</dict>
		<key>EFBF75961D2D1EC400D9FDF2</key>
		<dict>
			<key>buildConfigurations</key>
			<array>
				<string>EFBF75971D2D1EC400D9FDF2</string>
				<string>EFBF75981D2D1EC400D9FDF2</string>
			</array>
			<key>defaultConfigurationIsVisible</key>
			<string>0</string>
			<key>isa</key>
			<string>XCConfigurationList</string>
		</dict>
		<key>EFBF75971D2D1EC400D9FDF2</key>
		<dict>
			<key>baseConfigurationReference</key>
			<string>936D373452765350AB877A39</string>
			<key>buildSettings</key>
			<dict>
				<key>ASSETCATALOG_COMPILER_APPICON_NAME</key>
				<string>AppIcon</string>
				<key>INFOPLIST_FILE</key>
				<string>&#19978;&#19979;&#25289;&#21047;&#26032;/Info.plist</string>
				<key>LD_RUNPATH_SEARCH_PATHS</key>
				<string>$(inherited) @executable_path/Frameworks</string>
				<key>PRODUCT_BUNDLE_IDENTIFIER</key>
				<string>cn.gomro.-----</string>
				<key>PRODUCT_NAME</key>
				<string>$(TARGET_NAME)</string>
			</dict>
			<key>isa</key>
			<string>XCBuildConfiguration</string>
			<key>name</key>
			<string>Debug</string>
		</dict>
		<key>EFBF75981D2D1EC400D9FDF2</key>
		<dict>
			<key>baseConfigurationReference</key>
			<string>6EC864F415DC334E29AB5EB3</string>
			<key>buildSettings</key>
			<dict>
				<key>ASSETCATALOG_COMPILER_APPICON_NAME</key>
				<string>AppIcon</string>
				<key>INFOPLIST_FILE</key>
				<string>&#19978;&#19979;&#25289;&#21047;&#26032;/Info.plist</string>
				<key>LD_RUNPATH_SEARCH_PATHS</key>
				<string>$(inherited) @executable_path/Frameworks</string>
				<key>PRODUCT_BUNDLE_IDENTIFIER</key>
				<string>cn.gomro.-----</string>
				<key>PRODUCT_NAME</key>
				<string>$(TARGET_NAME)</string>
			</dict>
			<key>isa</key>
			<string>XCBuildConfiguration</string>
			<key>name</key>
			<string>Release</string>
		</dict>
		<key>EFBF75991D2D1EC400D9FDF2</key>
		<dict>
			<key>buildConfigurations</key>
			<array>
				<string>EFBF759A1D2D1EC400D9FDF2</string>
				<string>EFBF759B1D2D1EC400D9FDF2</string>
			</array>
			<key>defaultConfigurationIsVisible</key>
			<string>0</string>
			<key>isa</key>
			<string>XCConfigurationList</string>
		</dict>
		<key>EFBF759A1D2D1EC400D9FDF2</key>
		<dict>
			<key>buildSettings</key>
			<dict>
				<key>BUNDLE_LOADER</key>
				<string>$(TEST_HOST)</string>
				<key>INFOPLIST_FILE</key>
				<string>&#19978;&#19979;&#25289;&#21047;&#26032;Tests/Info.plist</string>
				<key>LD_RUNPATH_SEARCH_PATHS</key>
				<string>$(inherited) @executable_path/Frameworks @loader_path/Frameworks</string>
				<key>PRODUCT_BUNDLE_IDENTIFIER</key>
				<string>cn.gomro.-----Tests</string>
				<key>PRODUCT_NAME</key>
				<string>$(TARGET_NAME)</string>
				<key>TEST_HOST</key>
				<string>$(BUILT_PRODUCTS_DIR)/&#19978;&#19979;&#25289;&#21047;&#26032;.app/&#19978;&#19979;&#25289;&#21047;&#26032;</string>
			</dict>
			<key>isa</key>
			<string>XCBuildConfiguration</string>
			<key>name</key>
			<string>Debug</string>
		</dict>
		<key>EFBF759B1D2D1EC400D9FDF2</key>
		<dict>
			<key>buildSettings</key>
			<dict>
				<key>BUNDLE_LOADER</key>
				<string>$(TEST_HOST)</string>
				<key>INFOPLIST_FILE</key>
				<string>&#19978;&#19979;&#25289;&#21047;&#26032;Tests/Info.plist</string>
				<key>LD_RUNPATH_SEARCH_PATHS</key>
				<string>$(inherited) @executable_path/Frameworks @loader_path/Frameworks</string>
				<key>PRODUCT_BUNDLE_IDENTIFIER</key>
				<string>cn.gomro.-----Tests</string>
				<key>PRODUCT_NAME</key>
				<string>$(TARGET_NAME)</string>
				<key>TEST_HOST</key>
				<string>$(BUILT_PRODUCTS_DIR)/&#19978;&#19979;&#25289;&#21047;&#26032;.app/&#19978;&#19979;&#25289;&#21047;&#26032;</string>
			</dict>
			<key>isa</key>
			<string>XCBuildConfiguration</string>
			<key>name</key>
			<string>Release</string>
		</dict>
		<key>EFBF759C1D2D1EC400D9FDF2</key>
		<dict>
			<key>buildConfigurations</key>
			<array>
				<string>EFBF759D1D2D1EC400D9FDF2</string>
				<string>EFBF759E1D2D1EC400D9FDF2</string>
			</array>
			<key>defaultConfigurationIsVisible</key>
			<string>0</string>
			<key>isa</key>
			<string>XCConfigurationList</string>
		</dict>
		<key>EFBF759D1D2D1EC400D9FDF2</key>
		<dict>
			<key>buildSettings</key>
			<dict>
				<key>INFOPLIST_FILE</key>
				<string>&#19978;&#19979;&#25289;&#21047;&#26032;UITests/Info.plist</string>
				<key>LD_RUNPATH_SEARCH_PATHS</key>
				<string>$(inherited) @executable_path/Frameworks @loader_path/Frameworks</string>
				<key>PRODUCT_BUNDLE_IDENTIFIER</key>
				<string>cn.gomro.-----UITests</string>
				<key>PRODUCT_NAME</key>
				<string>$(TARGET_NAME)</string>
				<key>TEST_TARGET_NAME</key>
				<string>&#19978;&#19979;&#25289;&#21047;&#26032;</string>
			</dict>
			<key>isa</key>
			<string>XCBuildConfiguration</string>
			<key>name</key>
			<string>Debug</string>
		</dict>
		<key>EFBF759E1D2D1EC400D9FDF2</key>
		<dict>
			<key>buildSettings</key>
			<dict>
				<key>INFOPLIST_FILE</key>
				<string>&#19978;&#19979;&#25289;&#21047;&#26032;UITests/Info.plist</string>
				<key>LD_RUNPATH_SEARCH_PATHS</key>
				<string>$(inherited) @executable_path/Frameworks @loader_path/Frameworks</string>
				<key>PRODUCT_BUNDLE_IDENTIFIER</key>
				<string>cn.gomro.-----UITests</string>
				<key>PRODUCT_NAME</key>
				<string>$(TARGET_NAME)</string>
				<key>TEST_TARGET_NAME</key>
				<string>&#19978;&#19979;&#25289;&#21047;&#26032;</string>
			</dict>
			<key>isa</key>
			<string>XCBuildConfiguration</string>
			<key>name</key>
			<string>Release</string>
		</dict>
		<key>EFBF759F1D2D1EED00D9FDF2</key>
		<dict>
			<key>fileEncoding</key>
			<string>4</string>
			<key>isa</key>
			<string>PBXFileReference</string>
			<key>lastKnownFileType</key>
			<string>sourcecode.c.h</string>
			<key>path</key>
			<string>qgTableController.h</string>
			<key>sourceTree</key>
			<string>&lt;group&gt;</string>
		</dict>
		<key>EFBF75A01D2D1EED00D9FDF2</key>
		<dict>
			<key>fileEncoding</key>
			<string>4</string>
			<key>isa</key>
			<string>PBXFileReference</string>
			<key>lastKnownFileType</key>
			<string>sourcecode.c.objc</string>
			<key>path</key>
			<string>qgTableController.m</string>
			<key>sourceTree</key>
			<string>&lt;group&gt;</string>
		</dict>
		<key>EFBF75A11D2D1EED00D9FDF2</key>
		<dict>
			<key>fileEncoding</key>
			<string>4</string>
			<key>isa</key>
			<string>PBXFileReference</string>
			<key>lastKnownFileType</key>
			<string>sourcecode.c.h</string>
			<key>path</key>
			<string>qgNavigationController.h</string>
			<key>sourceTree</key>
			<string>&lt;group&gt;</string>
		</dict>
		<key>EFBF75A21D2D1EED00D9FDF2</key>
		<dict>
			<key>fileEncoding</key>
			<string>4</string>
			<key>isa</key>
			<string>PBXFileReference</string>
			<key>lastKnownFileType</key>
			<string>sourcecode.c.objc</string>
			<key>path</key>
			<string>qgNavigationController.m</string>
			<key>sourceTree</key>
			<string>&lt;group&gt;</string>
		</dict>
		<key>EFBF75A31D2D1EED00D9FDF2</key>
		<dict>
			<key>fileRef</key>
			<string>EFBF75A01D2D1EED00D9FDF2</string>
			<key>isa</key>
			<string>PBXBuildFile</string>
		</dict>
		<key>EFBF75A41D2D1EED00D9FDF2</key>
		<dict>
			<key>fileRef</key>
			<string>EFBF75A21D2D1EED00D9FDF2</string>
			<key>isa</key>
			<string>PBXBuildFile</string>
		</dict>
		<key>F0A528036084D927EC0FBA17</key>
		<dict>
			<key>fileRef</key>
			<string>01630DAB9F8F7B0AF4D67116</string>
			<key>isa</key>
			<string>PBXBuildFile</string>
		</dict>
	</dict>
	<key>rootObject</key>
	<string>EFBF75611D2D1EC400D9FDF2</string>
</dict>
</plist>
